{
  "name": "project-with-workspaces",
  "version": "1.0.0",
  "lockfileVersion": 3,
  "requires": true,
  "packages": {
    "": {
      "name": "project-with-workspaces",
      "version": "1.0.0",
      "workspaces": [
        "web",
        "server"
      ],
      "devDependencies": {
        "noop2": "^2.0.0"
      }
    },
    "node_modules/server": {
      "resolved": "server",
      "link": true
    },
    "node_modules/web": {
      "resolved": "web",
      "link": true
    },
    "node_modules/noop2": {
      "version": "2.0.0",
      "resolved": "https://registry.npmjs.org/noop2/-/noop2-2.0.0.tgz",
      "integrity": "sha512-2bu7Pfpf6uNqashWV8P7yYeutQ3XkLY9MBSYI5sOAFZxuWcW/uJfLbKj5m6SvMDT9U1Y0C+7UFG+7VSiIdXjtA=="
    }
  }
}
