# This file is generated by running "yarn install" inside your project.
# Manual changes might be lost - proceed with caution!

__metadata:
  version: 9
  cacheKey: 10c0

"@adobe/css-tools@npm:^4.4.0":
  version: 4.4.4
  resolution: "@adobe/css-tools@npm:4.4.4"
  checksum: 10c0/8f3e6cfaa5e6286e6f05de01d91d060425be2ebaef490881f5fe6da8bbdb336835c5d373ea337b0c3b0a1af4be048ba18780f0f6021d30809b4545922a7e13d9
  languageName: node
  linkType: hard
